
Microsoft Visual Studio Solution File, Format Version 12.00
# Visual Studio Version 17
VisualStudioVersion = 17.8.34330.188
MinimumVisualStudioVersion = 10.0.40219.1
Project("{FAE04EC0-301F-11D3-BF4B-00C04F79EFBC}") = "StudentISTest", "StudentIS\StudentISTest.csproj", "{1DA5A6AE-4258-4F25-872C-0F9C914EE9BA}"
EndProject
Project("{9A19103F-16F7-4668-BE54-9A1E7A4F7556}") = "DatabaseExam", "..\Lesson71\DatabaseExam\DatabaseExam.csproj", "{7DE2B5A5-2A9B-49DF-9268-223F01E5F704}"
EndProject
Global
	GlobalSection(SolutionConfigurationPlatforms) = preSolution
		Debug|Any CPU = Debug|Any CPU
		Release|Any CPU = Release|Any CPU
	EndGlobalSection
	GlobalSection(ProjectConfigurationPlatforms) = postSolution
		{1DA5A6AE-4258-4F25-872C-0F9C914EE9BA}.Debug|Any CPU.ActiveCfg = Debug|Any CPU
		{1DA5A6AE-4258-4F25-872C-0F9C914EE9BA}.Debug|Any CPU.Build.0 = Debug|Any CPU
		{1DA5A6AE-4258-4F25-872C-0F9C914EE9BA}.Release|Any CPU.ActiveCfg = Release|Any CPU
		{1DA5A6AE-4258-4F25-872C-0F9C914EE9BA}.Release|Any CPU.Build.0 = Release|Any CPU
		{7DE2B5A5-2A9B-49DF-9268-223F01E5F704}.Debug|Any CPU.ActiveCfg = Debug|Any CPU
		{7DE2B5A5-2A9B-49DF-9268-223F01E5F704}.Debug|Any CPU.Build.0 = Debug|Any CPU
		{7DE2B5A5-2A9B-49DF-9268-223F01E5F704}.Release|Any CPU.ActiveCfg = Release|Any CPU
		{7DE2B5A5-2A9B-49DF-9268-223F01E5F704}.Release|Any CPU.Build.0 = Release|Any CPU
	EndGlobalSection
	GlobalSection(SolutionProperties) = preSolution
		HideSolutionNode = FALSE
	EndGlobalSection
	GlobalSection(ExtensibilityGlobals) = postSolution
		SolutionGuid = {F00515DA-A76E-4C0B-AFE7-C40841F53C2D}
	EndGlobalSection
EndGlobal
