
Microsoft Visual Studio Solution File, Format Version 12.00
# Visual Studio Version 17
VisualStudioVersion = 17.7.34221.43
MinimumVisualStudioVersion = 10.0.40219.1
Project("{FAE04EC0-301F-11D3-BF4B-00C04F79EFBC}") = "Task1", "Task1\Task1.csproj", "{65607221-1E07-4B36-815D-E03B21298D54}"
EndProject
Project("{FAE04EC0-301F-11D3-BF4B-00C04F79EFBC}") = "Task2", "Task2\Task2.csproj", "{61FEAED6-5DE8-4DDA-9D21-1C649D2A88AF}"
EndProject
Project("{FAE04EC0-301F-11D3-BF4B-00C04F79EFBC}") = "Taks3", "Taks3\Taks3.csproj", "{3139CF90-366B-4938-8524-F86A7535DCF0}"
EndProject
Global
	GlobalSection(SolutionConfigurationPlatforms) = preSolution
		Debug|Any CPU = Debug|Any CPU
		Release|Any CPU = Release|Any CPU
	EndGlobalSection
	GlobalSection(ProjectConfigurationPlatforms) = postSolution
		{65607221-1E07-4B36-815D-E03B21298D54}.Debug|Any CPU.ActiveCfg = Debug|Any CPU
		{65607221-1E07-4B36-815D-E03B21298D54}.Debug|Any CPU.Build.0 = Debug|Any CPU
		{65607221-1E07-4B36-815D-E03B21298D54}.Release|Any CPU.ActiveCfg = Release|Any CPU
		{65607221-1E07-4B36-815D-E03B21298D54}.Release|Any CPU.Build.0 = Release|Any CPU
		{61FEAED6-5DE8-4DDA-9D21-1C649D2A88AF}.Debug|Any CPU.ActiveCfg = Debug|Any CPU
		{61FEAED6-5DE8-4DDA-9D21-1C649D2A88AF}.Debug|Any CPU.Build.0 = Debug|Any CPU
		{61FEAED6-5DE8-4DDA-9D21-1C649D2A88AF}.Release|Any CPU.ActiveCfg = Release|Any CPU
		{61FEAED6-5DE8-4DDA-9D21-1C649D2A88AF}.Release|Any CPU.Build.0 = Release|Any CPU
		{3139CF90-366B-4938-8524-F86A7535DCF0}.Debug|Any CPU.ActiveCfg = Debug|Any CPU
		{3139CF90-366B-4938-8524-F86A7535DCF0}.Debug|Any CPU.Build.0 = Debug|Any CPU
		{3139CF90-366B-4938-8524-F86A7535DCF0}.Release|Any CPU.ActiveCfg = Release|Any CPU
		{3139CF90-366B-4938-8524-F86A7535DCF0}.Release|Any CPU.Build.0 = Release|Any CPU
	EndGlobalSection
	GlobalSection(SolutionProperties) = preSolution
		HideSolutionNode = FALSE
	EndGlobalSection
	GlobalSection(ExtensibilityGlobals) = postSolution
		SolutionGuid = {10FA341C-52F5-4974-9398-BAE2D8F49E2A}
	EndGlobalSection
EndGlobal
