
Microsoft Visual Studio Solution File, Format Version 12.00
# Visual Studio Version 17
VisualStudioVersion = 17.8.34330.188
MinimumVisualStudioVersion = 10.0.40219.1
Project("{FAE04EC0-301F-11D3-BF4B-00C04F79EFBC}") = "Task1", "Task1\Task1.csproj", "{229A1FC2-615A-4CB4-8874-3BCABD5224FD}"
EndProject
Project("{FAE04EC0-301F-11D3-BF4B-00C04F79EFBC}") = "Task2", "Task2\Task2.csproj", "{4DA95AD7-8718-47D7-8B97-26A7946880D4}"
EndProject
Global
	GlobalSection(SolutionConfigurationPlatforms) = preSolution
		Debug|Any CPU = Debug|Any CPU
		Release|Any CPU = Release|Any CPU
	EndGlobalSection
	GlobalSection(ProjectConfigurationPlatforms) = postSolution
		{229A1FC2-615A-4CB4-8874-3BCABD5224FD}.Debug|Any CPU.ActiveCfg = Debug|Any CPU
		{229A1FC2-615A-4CB4-8874-3BCABD5224FD}.Debug|Any CPU.Build.0 = Debug|Any CPU
		{229A1FC2-615A-4CB4-8874-3BCABD5224FD}.Release|Any CPU.ActiveCfg = Release|Any CPU
		{229A1FC2-615A-4CB4-8874-3BCABD5224FD}.Release|Any CPU.Build.0 = Release|Any CPU
		{4DA95AD7-8718-47D7-8B97-26A7946880D4}.Debug|Any CPU.ActiveCfg = Debug|Any CPU
		{4DA95AD7-8718-47D7-8B97-26A7946880D4}.Debug|Any CPU.Build.0 = Debug|Any CPU
		{4DA95AD7-8718-47D7-8B97-26A7946880D4}.Release|Any CPU.ActiveCfg = Release|Any CPU
		{4DA95AD7-8718-47D7-8B97-26A7946880D4}.Release|Any CPU.Build.0 = Release|Any CPU
	EndGlobalSection
	GlobalSection(SolutionProperties) = preSolution
		HideSolutionNode = FALSE
	EndGlobalSection
	GlobalSection(ExtensibilityGlobals) = postSolution
		SolutionGuid = {3B17E888-8001-441B-8F03-516A7FC90AE1}
	EndGlobalSection
EndGlobal
