
Microsoft Visual Studio Solution File, Format Version 12.00
# Visual Studio Version 17
VisualStudioVersion = 17.7.34221.43
MinimumVisualStudioVersion = 10.0.40219.1
Project("{9A19103F-16F7-4668-BE54-9A1E7A4F7556}") = "Task1", "Task1\Task1.csproj", "{710F348D-10E3-49A5-8F38-C61B81925AD8}"
EndProject
Project("{FAE04EC0-301F-11D3-BF4B-00C04F79EFBC}") = "Task2", "Task2\Task2.csproj", "{90859B65-1823-4F8C-A257-84F33AA782BB}"
EndProject
Project("{FAE04EC0-301F-11D3-BF4B-00C04F79EFBC}") = "Task3", "Task3\Task3.csproj", "{7074BD53-E281-4559-8249-97B03B96EB56}"
EndProject
Project("{FAE04EC0-301F-11D3-BF4B-00C04F79EFBC}") = "Task4", "Task4\Task4.csproj", "{05FC1FB8-1099-475D-8E7E-A4788B7E5425}"
EndProject
Global
	GlobalSection(SolutionConfigurationPlatforms) = preSolution
		Debug|Any CPU = Debug|Any CPU
		Release|Any CPU = Release|Any CPU
	EndGlobalSection
	GlobalSection(ProjectConfigurationPlatforms) = postSolution
		{710F348D-10E3-49A5-8F38-C61B81925AD8}.Debug|Any CPU.ActiveCfg = Debug|Any CPU
		{710F348D-10E3-49A5-8F38-C61B81925AD8}.Debug|Any CPU.Build.0 = Debug|Any CPU
		{710F348D-10E3-49A5-8F38-C61B81925AD8}.Release|Any CPU.ActiveCfg = Release|Any CPU
		{710F348D-10E3-49A5-8F38-C61B81925AD8}.Release|Any CPU.Build.0 = Release|Any CPU
		{90859B65-1823-4F8C-A257-84F33AA782BB}.Debug|Any CPU.ActiveCfg = Debug|Any CPU
		{90859B65-1823-4F8C-A257-84F33AA782BB}.Debug|Any CPU.Build.0 = Debug|Any CPU
		{90859B65-1823-4F8C-A257-84F33AA782BB}.Release|Any CPU.ActiveCfg = Release|Any CPU
		{90859B65-1823-4F8C-A257-84F33AA782BB}.Release|Any CPU.Build.0 = Release|Any CPU
		{7074BD53-E281-4559-8249-97B03B96EB56}.Debug|Any CPU.ActiveCfg = Debug|Any CPU
		{7074BD53-E281-4559-8249-97B03B96EB56}.Debug|Any CPU.Build.0 = Debug|Any CPU
		{7074BD53-E281-4559-8249-97B03B96EB56}.Release|Any CPU.ActiveCfg = Release|Any CPU
		{7074BD53-E281-4559-8249-97B03B96EB56}.Release|Any CPU.Build.0 = Release|Any CPU
		{05FC1FB8-1099-475D-8E7E-A4788B7E5425}.Debug|Any CPU.ActiveCfg = Debug|Any CPU
		{05FC1FB8-1099-475D-8E7E-A4788B7E5425}.Debug|Any CPU.Build.0 = Debug|Any CPU
		{05FC1FB8-1099-475D-8E7E-A4788B7E5425}.Release|Any CPU.ActiveCfg = Release|Any CPU
		{05FC1FB8-1099-475D-8E7E-A4788B7E5425}.Release|Any CPU.Build.0 = Release|Any CPU
	EndGlobalSection
	GlobalSection(SolutionProperties) = preSolution
		HideSolutionNode = FALSE
	EndGlobalSection
	GlobalSection(ExtensibilityGlobals) = postSolution
		SolutionGuid = {EA78B303-278D-405F-BC01-7A7786F38618}
	EndGlobalSection
EndGlobal
