
Microsoft Visual Studio Solution File, Format Version 12.00
# Visual Studio Version 17
VisualStudioVersion = 17.7.34221.43
MinimumVisualStudioVersion = 10.0.40219.1
Project("{9A19103F-16F7-4668-BE54-9A1E7A4F7556}") = "Task1", "Task1\Task1.csproj", "{77E8E2A5-9182-4B05-BFBD-5F8E926F548B}"
EndProject
Project("{FAE04EC0-301F-11D3-BF4B-00C04F79EFBC}") = "Task2", "Task2\Task2.csproj", "{DFAFEFEC-41EB-486F-9C88-21450EDEFE9F}"
EndProject
Project("{FAE04EC0-301F-11D3-BF4B-00C04F79EFBC}") = "Task3", "Task3\Task3.csproj", "{4F2308A1-4AD1-4E19-8C54-850934FDD72D}"
EndProject
Global
	GlobalSection(SolutionConfigurationPlatforms) = preSolution
		Debug|Any CPU = Debug|Any CPU
		Release|Any CPU = Release|Any CPU
	EndGlobalSection
	GlobalSection(ProjectConfigurationPlatforms) = postSolution
		{77E8E2A5-9182-4B05-BFBD-5F8E926F548B}.Debug|Any CPU.ActiveCfg = Debug|Any CPU
		{77E8E2A5-9182-4B05-BFBD-5F8E926F548B}.Debug|Any CPU.Build.0 = Debug|Any CPU
		{77E8E2A5-9182-4B05-BFBD-5F8E926F548B}.Release|Any CPU.ActiveCfg = Release|Any CPU
		{77E8E2A5-9182-4B05-BFBD-5F8E926F548B}.Release|Any CPU.Build.0 = Release|Any CPU
		{DFAFEFEC-41EB-486F-9C88-21450EDEFE9F}.Debug|Any CPU.ActiveCfg = Debug|Any CPU
		{DFAFEFEC-41EB-486F-9C88-21450EDEFE9F}.Debug|Any CPU.Build.0 = Debug|Any CPU
		{DFAFEFEC-41EB-486F-9C88-21450EDEFE9F}.Release|Any CPU.ActiveCfg = Release|Any CPU
		{DFAFEFEC-41EB-486F-9C88-21450EDEFE9F}.Release|Any CPU.Build.0 = Release|Any CPU
		{4F2308A1-4AD1-4E19-8C54-850934FDD72D}.Debug|Any CPU.ActiveCfg = Debug|Any CPU
		{4F2308A1-4AD1-4E19-8C54-850934FDD72D}.Debug|Any CPU.Build.0 = Debug|Any CPU
		{4F2308A1-4AD1-4E19-8C54-850934FDD72D}.Release|Any CPU.ActiveCfg = Release|Any CPU
		{4F2308A1-4AD1-4E19-8C54-850934FDD72D}.Release|Any CPU.Build.0 = Release|Any CPU
	EndGlobalSection
	GlobalSection(SolutionProperties) = preSolution
		HideSolutionNode = FALSE
	EndGlobalSection
	GlobalSection(ExtensibilityGlobals) = postSolution
		SolutionGuid = {70F53714-053B-443A-9068-D3D88E0BBA1D}
	EndGlobalSection
EndGlobal
