
Microsoft Visual Studio Solution File, Format Version 12.00
# Visual Studio Version 17
VisualStudioVersion = 17.8.34330.188
MinimumVisualStudioVersion = 10.0.40219.1
Project("{FAE04EC0-301F-11D3-BF4B-00C04F79EFBC}") = "Task1", "Task1\Task1.csproj", "{E62E5DC5-8E42-4DA2-804F-AFC1A86BF25B}"
EndProject
Project("{FAE04EC0-301F-11D3-BF4B-00C04F79EFBC}") = "UnitTests", "UnitTests\UnitTests.csproj", "{3C92672C-CAAC-45B7-A44E-876DEF8ED530}"
EndProject
Global
	GlobalSection(SolutionConfigurationPlatforms) = preSolution
		Debug|Any CPU = Debug|Any CPU
		Release|Any CPU = Release|Any CPU
	EndGlobalSection
	GlobalSection(ProjectConfigurationPlatforms) = postSolution
		{E62E5DC5-8E42-4DA2-804F-AFC1A86BF25B}.Debug|Any CPU.ActiveCfg = Debug|Any CPU
		{E62E5DC5-8E42-4DA2-804F-AFC1A86BF25B}.Debug|Any CPU.Build.0 = Debug|Any CPU
		{E62E5DC5-8E42-4DA2-804F-AFC1A86BF25B}.Release|Any CPU.ActiveCfg = Release|Any CPU
		{E62E5DC5-8E42-4DA2-804F-AFC1A86BF25B}.Release|Any CPU.Build.0 = Release|Any CPU
		{3C92672C-CAAC-45B7-A44E-876DEF8ED530}.Debug|Any CPU.ActiveCfg = Debug|Any CPU
		{3C92672C-CAAC-45B7-A44E-876DEF8ED530}.Debug|Any CPU.Build.0 = Debug|Any CPU
		{3C92672C-CAAC-45B7-A44E-876DEF8ED530}.Release|Any CPU.ActiveCfg = Release|Any CPU
		{3C92672C-CAAC-45B7-A44E-876DEF8ED530}.Release|Any CPU.Build.0 = Release|Any CPU
	EndGlobalSection
	GlobalSection(SolutionProperties) = preSolution
		HideSolutionNode = FALSE
	EndGlobalSection
	GlobalSection(ExtensibilityGlobals) = postSolution
		SolutionGuid = {A737FB64-9E53-441B-887C-A104D9558CAF}
	EndGlobalSection
EndGlobal
