
Microsoft Visual Studio Solution File, Format Version 12.00
# Visual Studio Version 17
VisualStudioVersion = 17.7.34221.43
MinimumVisualStudioVersion = 10.0.40219.1
Project("{FAE04EC0-301F-11D3-BF4B-00C04F79EFBC}") = "Task1", "Task1\Task1.csproj", "{FA561518-4CC8-48D1-A7AB-7C0818BB8015}"
EndProject
Project("{FAE04EC0-301F-11D3-BF4B-00C04F79EFBC}") = "Task2", "Task2\Task2.csproj", "{19BB7979-3362-41AE-8A70-9C224FE40D5E}"
EndProject
Project("{FAE04EC0-301F-11D3-BF4B-00C04F79EFBC}") = "Task3", "Task3\Task3.csproj", "{347A8038-2CDE-4528-BBC0-E179BD1CF11A}"
EndProject
Project("{FAE04EC0-301F-11D3-BF4B-00C04F79EFBC}") = "Task4", "Task4\Task4.csproj", "{363EE269-ADD8-4EE3-B3FF-2DA0A3DD78D3}"
EndProject
Global
	GlobalSection(SolutionConfigurationPlatforms) = preSolution
		Debug|Any CPU = Debug|Any CPU
		Release|Any CPU = Release|Any CPU
	EndGlobalSection
	GlobalSection(ProjectConfigurationPlatforms) = postSolution
		{FA561518-4CC8-48D1-A7AB-7C0818BB8015}.Debug|Any CPU.ActiveCfg = Debug|Any CPU
		{FA561518-4CC8-48D1-A7AB-7C0818BB8015}.Debug|Any CPU.Build.0 = Debug|Any CPU
		{FA561518-4CC8-48D1-A7AB-7C0818BB8015}.Release|Any CPU.ActiveCfg = Release|Any CPU
		{FA561518-4CC8-48D1-A7AB-7C0818BB8015}.Release|Any CPU.Build.0 = Release|Any CPU
		{19BB7979-3362-41AE-8A70-9C224FE40D5E}.Debug|Any CPU.ActiveCfg = Debug|Any CPU
		{19BB7979-3362-41AE-8A70-9C224FE40D5E}.Debug|Any CPU.Build.0 = Debug|Any CPU
		{19BB7979-3362-41AE-8A70-9C224FE40D5E}.Release|Any CPU.ActiveCfg = Release|Any CPU
		{19BB7979-3362-41AE-8A70-9C224FE40D5E}.Release|Any CPU.Build.0 = Release|Any CPU
		{347A8038-2CDE-4528-BBC0-E179BD1CF11A}.Debug|Any CPU.ActiveCfg = Debug|Any CPU
		{347A8038-2CDE-4528-BBC0-E179BD1CF11A}.Debug|Any CPU.Build.0 = Debug|Any CPU
		{347A8038-2CDE-4528-BBC0-E179BD1CF11A}.Release|Any CPU.ActiveCfg = Release|Any CPU
		{347A8038-2CDE-4528-BBC0-E179BD1CF11A}.Release|Any CPU.Build.0 = Release|Any CPU
		{363EE269-ADD8-4EE3-B3FF-2DA0A3DD78D3}.Debug|Any CPU.ActiveCfg = Debug|Any CPU
		{363EE269-ADD8-4EE3-B3FF-2DA0A3DD78D3}.Debug|Any CPU.Build.0 = Debug|Any CPU
		{363EE269-ADD8-4EE3-B3FF-2DA0A3DD78D3}.Release|Any CPU.ActiveCfg = Release|Any CPU
		{363EE269-ADD8-4EE3-B3FF-2DA0A3DD78D3}.Release|Any CPU.Build.0 = Release|Any CPU
	EndGlobalSection
	GlobalSection(SolutionProperties) = preSolution
		HideSolutionNode = FALSE
	EndGlobalSection
	GlobalSection(ExtensibilityGlobals) = postSolution
		SolutionGuid = {C452FCE8-66DF-43F8-81DA-94DBC8327CE8}
	EndGlobalSection
EndGlobal
