
Microsoft Visual Studio Solution File, Format Version 12.00
# Visual Studio Version 17
VisualStudioVersion = 17.7.34221.43
MinimumVisualStudioVersion = 10.0.40219.1
Project("{FAE04EC0-301F-11D3-BF4B-00C04F79EFBC}") = "Task1", "Task1\Task1.csproj", "{568518AD-F9E4-4D8D-8C67-DDCEA8AADA31}"
EndProject
Project("{FAE04EC0-301F-11D3-BF4B-00C04F79EFBC}") = "Task2", "Task2\Task2.csproj", "{7442F349-BA50-4A10-97B0-2CBDA1FF2365}"
EndProject
Global
	GlobalSection(SolutionConfigurationPlatforms) = preSolution
		Debug|Any CPU = Debug|Any CPU
		Release|Any CPU = Release|Any CPU
	EndGlobalSection
	GlobalSection(ProjectConfigurationPlatforms) = postSolution
		{568518AD-F9E4-4D8D-8C67-DDCEA8AADA31}.Debug|Any CPU.ActiveCfg = Debug|Any CPU
		{568518AD-F9E4-4D8D-8C67-DDCEA8AADA31}.Debug|Any CPU.Build.0 = Debug|Any CPU
		{568518AD-F9E4-4D8D-8C67-DDCEA8AADA31}.Release|Any CPU.ActiveCfg = Release|Any CPU
		{568518AD-F9E4-4D8D-8C67-DDCEA8AADA31}.Release|Any CPU.Build.0 = Release|Any CPU
		{7442F349-BA50-4A10-97B0-2CBDA1FF2365}.Debug|Any CPU.ActiveCfg = Debug|Any CPU
		{7442F349-BA50-4A10-97B0-2CBDA1FF2365}.Debug|Any CPU.Build.0 = Debug|Any CPU
		{7442F349-BA50-4A10-97B0-2CBDA1FF2365}.Release|Any CPU.ActiveCfg = Release|Any CPU
		{7442F349-BA50-4A10-97B0-2CBDA1FF2365}.Release|Any CPU.Build.0 = Release|Any CPU
	EndGlobalSection
	GlobalSection(SolutionProperties) = preSolution
		HideSolutionNode = FALSE
	EndGlobalSection
	GlobalSection(ExtensibilityGlobals) = postSolution
		SolutionGuid = {8D21CB2C-AC3C-4062-95CD-8B085391AFE7}
	EndGlobalSection
EndGlobal
